
Microsoft Visual Studio Solution File, Format Version 12.00
# Visual Studio 2012
Project("{FAE04EC0-301F-11D3-BF4B-00C04F79EFBC}") = "Core", "core\Core.csproj", "{1F60FAD7-EFCB-4D57-87E9-93FCB09978DC}"
EndProject
Project("{FAE04EC0-301F-11D3-BF4B-00C04F79EFBC}") = "Test", "Test\Test.csproj", "{20E4E424-AE47-4635-B74F-4EB464665D8A}"
EndProject
Project("{FAE04EC0-301F-11D3-BF4B-00C04F79EFBC}") = "Apps.Core", "Apps.Core\Apps.Core.csproj", "{414F772D-C321-4AA6-B835-BBF9C8860D40}"
EndProject
Project("{FAE04EC0-301F-11D3-BF4B-00C04F79EFBC}") = "Services.Core", "Serivices.Core\Services.Core.csproj", "{236B0C28-29B9-4412-9642-48744EEBD76D}"
EndProject
Global
	GlobalSection(SolutionConfigurationPlatforms) = preSolution
		Debug|Any CPU = Debug|Any CPU
		Release|Any CPU = Release|Any CPU
	EndGlobalSection
	GlobalSection(ProjectConfigurationPlatforms) = postSolution
		{1F60FAD7-EFCB-4D57-87E9-93FCB09978DC}.Debug|Any CPU.ActiveCfg = Debug|Any CPU
		{1F60FAD7-EFCB-4D57-87E9-93FCB09978DC}.Debug|Any CPU.Build.0 = Debug|Any CPU
		{1F60FAD7-EFCB-4D57-87E9-93FCB09978DC}.Release|Any CPU.ActiveCfg = Release|Any CPU
		{1F60FAD7-EFCB-4D57-87E9-93FCB09978DC}.Release|Any CPU.Build.0 = Release|Any CPU
		{20E4E424-AE47-4635-B74F-4EB464665D8A}.Debug|Any CPU.ActiveCfg = Debug|Any CPU
		{20E4E424-AE47-4635-B74F-4EB464665D8A}.Debug|Any CPU.Build.0 = Debug|Any CPU
		{20E4E424-AE47-4635-B74F-4EB464665D8A}.Release|Any CPU.ActiveCfg = Release|Any CPU
		{20E4E424-AE47-4635-B74F-4EB464665D8A}.Release|Any CPU.Build.0 = Release|Any CPU
		{414F772D-C321-4AA6-B835-BBF9C8860D40}.Debug|Any CPU.ActiveCfg = Debug|Any CPU
		{414F772D-C321-4AA6-B835-BBF9C8860D40}.Debug|Any CPU.Build.0 = Debug|Any CPU
		{414F772D-C321-4AA6-B835-BBF9C8860D40}.Release|Any CPU.ActiveCfg = Release|Any CPU
		{414F772D-C321-4AA6-B835-BBF9C8860D40}.Release|Any CPU.Build.0 = Release|Any CPU
		{236B0C28-29B9-4412-9642-48744EEBD76D}.Debug|Any CPU.ActiveCfg = Debug|Any CPU
		{236B0C28-29B9-4412-9642-48744EEBD76D}.Debug|Any CPU.Build.0 = Debug|Any CPU
		{236B0C28-29B9-4412-9642-48744EEBD76D}.Release|Any CPU.ActiveCfg = Release|Any CPU
		{236B0C28-29B9-4412-9642-48744EEBD76D}.Release|Any CPU.Build.0 = Release|Any CPU
	EndGlobalSection
	GlobalSection(SolutionProperties) = preSolution
		HideSolutionNode = FALSE
	EndGlobalSection
EndGlobal
